
Microsoft Visual Studio Solution File, Format Version 12.00
# Visual Studio Version 16
VisualStudioVersion = 16.0.29609.76
MinimumVisualStudioVersion = 10.0.40219.1
Project("{9A19103F-16F7-4668-BE54-9A1E7A4F7556}") = "TimeTracking", "TimeTracking\TimeTracking.csproj", "{C9BBBA2A-9848-4795-ACC1-0241B7885DAD}"
EndProject
Project("{FAE04EC0-301F-11D3-BF4B-00C04F79EFBC}") = "TimeTracking.UI", "TimeTracking.UI\TimeTracking.UI.csproj", "{088E9674-79A9-47AB-8A71-02E4757BA903}"
EndProject
Global
	GlobalSection(SolutionConfigurationPlatforms) = preSolution
		Debug|Any CPU = Debug|Any CPU
		Release|Any CPU = Release|Any CPU
	EndGlobalSection
	GlobalSection(ProjectConfigurationPlatforms) = postSolution
		{C9BBBA2A-9848-4795-ACC1-0241B7885DAD}.Debug|Any CPU.ActiveCfg = Debug|Any CPU
		{C9BBBA2A-9848-4795-ACC1-0241B7885DAD}.Debug|Any CPU.Build.0 = Debug|Any CPU
		{C9BBBA2A-9848-4795-ACC1-0241B7885DAD}.Release|Any CPU.ActiveCfg = Release|Any CPU
		{C9BBBA2A-9848-4795-ACC1-0241B7885DAD}.Release|Any CPU.Build.0 = Release|Any CPU
		{088E9674-79A9-47AB-8A71-02E4757BA903}.Debug|Any CPU.ActiveCfg = Debug|Any CPU
		{088E9674-79A9-47AB-8A71-02E4757BA903}.Debug|Any CPU.Build.0 = Debug|Any CPU
		{088E9674-79A9-47AB-8A71-02E4757BA903}.Release|Any CPU.ActiveCfg = Release|Any CPU
		{088E9674-79A9-47AB-8A71-02E4757BA903}.Release|Any CPU.Build.0 = Release|Any CPU
	EndGlobalSection
	GlobalSection(SolutionProperties) = preSolution
		HideSolutionNode = FALSE
	EndGlobalSection
	GlobalSection(ExtensibilityGlobals) = postSolution
		SolutionGuid = {D34DDD05-6C35-41AF-806E-AA0FC8B06E5C}
	EndGlobalSection
EndGlobal
